
Microsoft Visual Studio Solution File, Format Version 12.00
# Visual Studio 15
VisualStudioVersion = 15.0.27130.2010
MinimumVisualStudioVersion = 10.0.40219.1
Project("{9A19103F-16F7-4668-BE54-9A1E7A4F7556}") = "01. Hello SoftUni", "ex01 Hello SoftUni\01. Hello SoftUni.csproj", "{78723DFC-EDE1-4B16-A095-8926030F080B}"
EndProject
Project("{9A19103F-16F7-4668-BE54-9A1E7A4F7556}") = "02. Expression", "02. Expression\02. Expression.csproj", "{8F956A7E-C06D-41EB-BAB8-C13007BADBB2}"
EndProject
Project("{FAE04EC0-301F-11D3-BF4B-00C04F79EFBC}") = "03. Nums 1-20", "03. Nums 1-20\03. Nums 1-20.csproj", "{182B68D1-0A13-4678-9C8C-35EC891263DA}"
EndProject
Project("{FAE04EC0-301F-11D3-BF4B-00C04F79EFBC}") = "04. Triangle of 55 Stars", "04. Triangle of 55 Stars\04. Triangle of 55 Stars.csproj", "{64799DA2-F8A0-4F48-BF3E-D9FA4BD79231}"
EndProject
Project("{FAE04EC0-301F-11D3-BF4B-00C04F79EFBC}") = "05. Rectangle Area", "05. Rectangle Area\05. Rectangle Area.csproj", "{27F11BFD-A6B8-4388-9C7D-E40C302B900A}"
EndProject
Project("{FAE04EC0-301F-11D3-BF4B-00C04F79EFBC}") = "06. Square of Stars", "06. Square of Stars\06. Square of Stars.csproj", "{C5409033-FD56-4D66-A828-EDA41B6CD787}"
EndProject
Global
	GlobalSection(SolutionConfigurationPlatforms) = preSolution
		Debug|Any CPU = Debug|Any CPU
		Release|Any CPU = Release|Any CPU
	EndGlobalSection
	GlobalSection(ProjectConfigurationPlatforms) = postSolution
		{78723DFC-EDE1-4B16-A095-8926030F080B}.Debug|Any CPU.ActiveCfg = Debug|Any CPU
		{78723DFC-EDE1-4B16-A095-8926030F080B}.Debug|Any CPU.Build.0 = Debug|Any CPU
		{78723DFC-EDE1-4B16-A095-8926030F080B}.Release|Any CPU.ActiveCfg = Release|Any CPU
		{78723DFC-EDE1-4B16-A095-8926030F080B}.Release|Any CPU.Build.0 = Release|Any CPU
		{8F956A7E-C06D-41EB-BAB8-C13007BADBB2}.Debug|Any CPU.ActiveCfg = Debug|Any CPU
		{8F956A7E-C06D-41EB-BAB8-C13007BADBB2}.Debug|Any CPU.Build.0 = Debug|Any CPU
		{8F956A7E-C06D-41EB-BAB8-C13007BADBB2}.Release|Any CPU.ActiveCfg = Release|Any CPU
		{8F956A7E-C06D-41EB-BAB8-C13007BADBB2}.Release|Any CPU.Build.0 = Release|Any CPU
		{182B68D1-0A13-4678-9C8C-35EC891263DA}.Debug|Any CPU.ActiveCfg = Debug|Any CPU
		{182B68D1-0A13-4678-9C8C-35EC891263DA}.Debug|Any CPU.Build.0 = Debug|Any CPU
		{182B68D1-0A13-4678-9C8C-35EC891263DA}.Release|Any CPU.ActiveCfg = Release|Any CPU
		{182B68D1-0A13-4678-9C8C-35EC891263DA}.Release|Any CPU.Build.0 = Release|Any CPU
		{64799DA2-F8A0-4F48-BF3E-D9FA4BD79231}.Debug|Any CPU.ActiveCfg = Debug|Any CPU
		{64799DA2-F8A0-4F48-BF3E-D9FA4BD79231}.Debug|Any CPU.Build.0 = Debug|Any CPU
		{64799DA2-F8A0-4F48-BF3E-D9FA4BD79231}.Release|Any CPU.ActiveCfg = Release|Any CPU
		{64799DA2-F8A0-4F48-BF3E-D9FA4BD79231}.Release|Any CPU.Build.0 = Release|Any CPU
		{27F11BFD-A6B8-4388-9C7D-E40C302B900A}.Debug|Any CPU.ActiveCfg = Debug|Any CPU
		{27F11BFD-A6B8-4388-9C7D-E40C302B900A}.Debug|Any CPU.Build.0 = Debug|Any CPU
		{27F11BFD-A6B8-4388-9C7D-E40C302B900A}.Release|Any CPU.ActiveCfg = Release|Any CPU
		{27F11BFD-A6B8-4388-9C7D-E40C302B900A}.Release|Any CPU.Build.0 = Release|Any CPU
		{C5409033-FD56-4D66-A828-EDA41B6CD787}.Debug|Any CPU.ActiveCfg = Debug|Any CPU
		{C5409033-FD56-4D66-A828-EDA41B6CD787}.Debug|Any CPU.Build.0 = Debug|Any CPU
		{C5409033-FD56-4D66-A828-EDA41B6CD787}.Release|Any CPU.ActiveCfg = Release|Any CPU
		{C5409033-FD56-4D66-A828-EDA41B6CD787}.Release|Any CPU.Build.0 = Release|Any CPU
	EndGlobalSection
	GlobalSection(SolutionProperties) = preSolution
		HideSolutionNode = FALSE
	EndGlobalSection
	GlobalSection(ExtensibilityGlobals) = postSolution
		SolutionGuid = {AD06B4B2-5BDA-4726-A5F1-D57168977442}
	EndGlobalSection
EndGlobal
